
Microsoft Visual Studio Solution File, Format Version 12.00
# Visual Studio Version 17
VisualStudioVersion = 17.1.32210.238
MinimumVisualStudioVersion = 10.0.40219.1
Project("{9A19103F-16F7-4668-BE54-9A1E7A4F7556}") = "BlazorApp1.Server", "BlazorApp1\Server\BlazorApp1.Server.csproj", "{CFE2AE9F-1C70-432C-A6C1-87907B49C6D3}"
EndProject
Project("{9A19103F-16F7-4668-BE54-9A1E7A4F7556}") = "BlazorApp1.Client", "BlazorApp1\Client\BlazorApp1.Client.csproj", "{1A542CB7-8057-460C-ABB1-A9F7E52B9CF2}"
EndProject
Project("{9A19103F-16F7-4668-BE54-9A1E7A4F7556}") = "BlazorApp1.Shared", "BlazorApp1\Shared\BlazorApp1.Shared.csproj", "{555A24E2-F22D-4581-940A-8AB956B2281E}"
EndProject
Global
	GlobalSection(SolutionConfigurationPlatforms) = preSolution
		Debug|Any CPU = Debug|Any CPU
		Release|Any CPU = Release|Any CPU
	EndGlobalSection
	GlobalSection(ProjectConfigurationPlatforms) = postSolution
		{CFE2AE9F-1C70-432C-A6C1-87907B49C6D3}.Debug|Any CPU.ActiveCfg = Debug|Any CPU
		{CFE2AE9F-1C70-432C-A6C1-87907B49C6D3}.Debug|Any CPU.Build.0 = Debug|Any CPU
		{CFE2AE9F-1C70-432C-A6C1-87907B49C6D3}.Release|Any CPU.ActiveCfg = Release|Any CPU
		{CFE2AE9F-1C70-432C-A6C1-87907B49C6D3}.Release|Any CPU.Build.0 = Release|Any CPU
		{1A542CB7-8057-460C-ABB1-A9F7E52B9CF2}.Debug|Any CPU.ActiveCfg = Debug|Any CPU
		{1A542CB7-8057-460C-ABB1-A9F7E52B9CF2}.Debug|Any CPU.Build.0 = Debug|Any CPU
		{1A542CB7-8057-460C-ABB1-A9F7E52B9CF2}.Release|Any CPU.ActiveCfg = Release|Any CPU
		{1A542CB7-8057-460C-ABB1-A9F7E52B9CF2}.Release|Any CPU.Build.0 = Release|Any CPU
		{555A24E2-F22D-4581-940A-8AB956B2281E}.Debug|Any CPU.ActiveCfg = Debug|Any CPU
		{555A24E2-F22D-4581-940A-8AB956B2281E}.Debug|Any CPU.Build.0 = Debug|Any CPU
		{555A24E2-F22D-4581-940A-8AB956B2281E}.Release|Any CPU.ActiveCfg = Release|Any CPU
		{555A24E2-F22D-4581-940A-8AB956B2281E}.Release|Any CPU.Build.0 = Release|Any CPU
	EndGlobalSection
	GlobalSection(SolutionProperties) = preSolution
		HideSolutionNode = FALSE
	EndGlobalSection
	GlobalSection(ExtensibilityGlobals) = postSolution
		SolutionGuid = {256716B7-CB15-4FC2-8D0B-225A9F09EA99}
	EndGlobalSection
EndGlobal
